
Microsoft Visual Studio Solution File, Format Version 12.00
# Visual Studio 14
VisualStudioVersion = 14.0.23107.0
MinimumVisualStudioVersion = 10.0.40219.1
Project("{FAE04EC0-301F-11D3-BF4B-00C04F79EFBC}") = "WinForm", "WinForm\WinForm.csproj", "{0ACC5729-671F-47DE-AF01-E07AA65A386B}"
EndProject
Project("{FAE04EC0-301F-11D3-BF4B-00C04F79EFBC}") = "Core", "Core\Core.csproj", "{05CE20D2-F6FC-4048-8B73-4B6D715F4765}"
EndProject
Project("{FAE04EC0-301F-11D3-BF4B-00C04F79EFBC}") = "WebForm", "WebForm\WebForm.csproj", "{08964195-8967-453F-9660-A356EF042F2D}"
EndProject
Global
	GlobalSection(SolutionConfigurationPlatforms) = preSolution
		Debug|Any CPU = Debug|Any CPU
		Release|Any CPU = Release|Any CPU
	EndGlobalSection
	GlobalSection(ProjectConfigurationPlatforms) = postSolution
		{0ACC5729-671F-47DE-AF01-E07AA65A386B}.Debug|Any CPU.ActiveCfg = Debug|Any CPU
		{0ACC5729-671F-47DE-AF01-E07AA65A386B}.Debug|Any CPU.Build.0 = Debug|Any CPU
		{0ACC5729-671F-47DE-AF01-E07AA65A386B}.Release|Any CPU.ActiveCfg = Release|Any CPU
		{0ACC5729-671F-47DE-AF01-E07AA65A386B}.Release|Any CPU.Build.0 = Release|Any CPU
		{05CE20D2-F6FC-4048-8B73-4B6D715F4765}.Debug|Any CPU.ActiveCfg = Debug|Any CPU
		{05CE20D2-F6FC-4048-8B73-4B6D715F4765}.Debug|Any CPU.Build.0 = Debug|Any CPU
		{05CE20D2-F6FC-4048-8B73-4B6D715F4765}.Release|Any CPU.ActiveCfg = Release|Any CPU
		{05CE20D2-F6FC-4048-8B73-4B6D715F4765}.Release|Any CPU.Build.0 = Release|Any CPU
		{08964195-8967-453F-9660-A356EF042F2D}.Debug|Any CPU.ActiveCfg = Debug|Any CPU
		{08964195-8967-453F-9660-A356EF042F2D}.Debug|Any CPU.Build.0 = Debug|Any CPU
		{08964195-8967-453F-9660-A356EF042F2D}.Release|Any CPU.ActiveCfg = Release|Any CPU
		{08964195-8967-453F-9660-A356EF042F2D}.Release|Any CPU.Build.0 = Release|Any CPU
	EndGlobalSection
	GlobalSection(SolutionProperties) = preSolution
		HideSolutionNode = FALSE
	EndGlobalSection
EndGlobal
